Microsoft Visual Studio Solution File, Format Version 12.00
# Visual Studio 2013
Project("{8BC9CEB8-8B4A-11D0-8D11-00A0C91BC942}") = "ALL_BUILD", "ALL_BUILD.vcxproj", "{45C02A45-B896-3881-BCB1-72766537F2FB}"
	ProjectSection(ProjectDependencies) = postProject
		{F1B0FFF5-DB38-35CD-8DA3-E25F510E2AF5} = {F1B0FFF5-DB38-35CD-8DA3-E25F510E2AF5}
		{181058F9-80D3-312D-B2C8-7F9CF71018BC} = {181058F9-80D3-312D-B2C8-7F9CF71018BC}
		{0EE7AEDE-13A1-3BE8-B03C-7DEB85DA4A4A} = {0EE7AEDE-13A1-3BE8-B03C-7DEB85DA4A4A}
		{31B9DBEE-FE29-375A-9D74-5D4E36AEC56F} = {31B9DBEE-FE29-375A-9D74-5D4E36AEC56F}
		{E10FF30E-D539-3933-81E4-1B51D6A2C3E1} = {E10FF30E-D539-3933-81E4-1B51D6A2C3E1}
		{2B5B211D-3FD7-3161-B13A-685A52F63DA0} = {2B5B211D-3FD7-3161-B13A-685A52F63DA0}
		{69A2078F-53A7-377B-A15A-0F9055032046} = {69A2078F-53A7-377B-A15A-0F9055032046}
		{B3B898CF-7077-3EAC-85EA-28A1333D9C02} = {B3B898CF-7077-3EAC-85EA-28A1333D9C02}
		{16CAE59F-8EC4-3B76-891F-B533B15FE17E} = {16CAE59F-8EC4-3B76-891F-B533B15FE17E}
	EndProjectSection
EndProject
Project("{8BC9CEB8-8B4A-11D0-8D11-00A0C91BC942}") = "CommProtoSerial", "tests\classes\cpp\serial\CommProtoSerial.vcxproj", "{F1B0FFF5-DB38-35CD-8DA3-E25F510E2AF5}"
	ProjectSection(ProjectDependencies) = postProject
		{31B9DBEE-FE29-375A-9D74-5D4E36AEC56F} = {31B9DBEE-FE29-375A-9D74-5D4E36AEC56F}
		{2B5B211D-3FD7-3161-B13A-685A52F63DA0} = {2B5B211D-3FD7-3161-B13A-685A52F63DA0}
		{B3B898CF-7077-3EAC-85EA-28A1333D9C02} = {B3B898CF-7077-3EAC-85EA-28A1333D9C02}
		{16CAE59F-8EC4-3B76-891F-B533B15FE17E} = {16CAE59F-8EC4-3B76-891F-B533B15FE17E}
	EndProjectSection
EndProject
Project("{8BC9CEB8-8B4A-11D0-8D11-00A0C91BC942}") = "CommProtoUdp", "tests\classes\cpp\udp\CommProtoUdp.vcxproj", "{181058F9-80D3-312D-B2C8-7F9CF71018BC}"
	ProjectSection(ProjectDependencies) = postProject
		{31B9DBEE-FE29-375A-9D74-5D4E36AEC56F} = {31B9DBEE-FE29-375A-9D74-5D4E36AEC56F}
		{2B5B211D-3FD7-3161-B13A-685A52F63DA0} = {2B5B211D-3FD7-3161-B13A-685A52F63DA0}
		{B3B898CF-7077-3EAC-85EA-28A1333D9C02} = {B3B898CF-7077-3EAC-85EA-28A1333D9C02}
		{16CAE59F-8EC4-3B76-891F-B533B15FE17E} = {16CAE59F-8EC4-3B76-891F-B533B15FE17E}
	EndProjectSection
EndProject
Project("{8BC9CEB8-8B4A-11D0-8D11-00A0C91BC942}") = "CommProtoXBee", "tests\classes\cpp\xbee\CommProtoXBee.vcxproj", "{0EE7AEDE-13A1-3BE8-B03C-7DEB85DA4A4A}"
	ProjectSection(ProjectDependencies) = postProject
		{31B9DBEE-FE29-375A-9D74-5D4E36AEC56F} = {31B9DBEE-FE29-375A-9D74-5D4E36AEC56F}
		{2B5B211D-3FD7-3161-B13A-685A52F63DA0} = {2B5B211D-3FD7-3161-B13A-685A52F63DA0}
		{B3B898CF-7077-3EAC-85EA-28A1333D9C02} = {B3B898CF-7077-3EAC-85EA-28A1333D9C02}
		{16CAE59F-8EC4-3B76-891F-B533B15FE17E} = {16CAE59F-8EC4-3B76-891F-B533B15FE17E}
	EndProjectSection
EndProject
Project("{8BC9CEB8-8B4A-11D0-8D11-00A0C91BC942}") = "CommProtocol_v1.0.7b-a", "CommProtocol_v1.0.7b-a.vcxproj", "{31B9DBEE-FE29-375A-9D74-5D4E36AEC56F}"
	ProjectSection(ProjectDependencies) = postProject
		{2B5B211D-3FD7-3161-B13A-685A52F63DA0} = {2B5B211D-3FD7-3161-B13A-685A52F63DA0}
		{B3B898CF-7077-3EAC-85EA-28A1333D9C02} = {B3B898CF-7077-3EAC-85EA-28A1333D9C02}
		{16CAE59F-8EC4-3B76-891F-B533B15FE17E} = {16CAE59F-8EC4-3B76-891F-B533B15FE17E}
	EndProjectSection
EndProject
Project("{8BC9CEB8-8B4A-11D0-8D11-00A0C91BC942}") = "Visionary", "unit\Visionary.vcxproj", "{E10FF30E-D539-3933-81E4-1B51D6A2C3E1}"
	ProjectSection(ProjectDependencies) = postProject
		{2B5B211D-3FD7-3161-B13A-685A52F63DA0} = {2B5B211D-3FD7-3161-B13A-685A52F63DA0}
	EndProjectSection
EndProject
Project("{8BC9CEB8-8B4A-11D0-8D11-00A0C91BC942}") = "ZERO_CHECK", "ZERO_CHECK.vcxproj", "{2B5B211D-3FD7-3161-B13A-685A52F63DA0}"
	ProjectSection(ProjectDependencies) = postProject
	EndProjectSection
EndProject
Project("{8BC9CEB8-8B4A-11D0-8D11-00A0C91BC942}") = "cryptopp-object", "Encryption\cryptopp563\cryptopp-object.vcxproj", "{69A2078F-53A7-377B-A15A-0F9055032046}"
	ProjectSection(ProjectDependencies) = postProject
		{2B5B211D-3FD7-3161-B13A-685A52F63DA0} = {2B5B211D-3FD7-3161-B13A-685A52F63DA0}
	EndProjectSection
EndProject
Project("{8BC9CEB8-8B4A-11D0-8D11-00A0C91BC942}") = "cryptopp-static", "Encryption\cryptopp563\cryptopp-static.vcxproj", "{B3B898CF-7077-3EAC-85EA-28A1333D9C02}"
	ProjectSection(ProjectDependencies) = postProject
		{2B5B211D-3FD7-3161-B13A-685A52F63DA0} = {2B5B211D-3FD7-3161-B13A-685A52F63DA0}
		{69A2078F-53A7-377B-A15A-0F9055032046} = {69A2078F-53A7-377B-A15A-0F9055032046}
	EndProjectSection
EndProject
Project("{8BC9CEB8-8B4A-11D0-8D11-00A0C91BC942}") = "libxbee3", "libxbee3\libxbee3.vcxproj", "{16CAE59F-8EC4-3B76-891F-B533B15FE17E}"
	ProjectSection(ProjectDependencies) = postProject
		{2B5B211D-3FD7-3161-B13A-685A52F63DA0} = {2B5B211D-3FD7-3161-B13A-685A52F63DA0}
	EndProjectSection
EndProject
Global
	GlobalSection(SolutionConfigurationPlatforms) = preSolution
		Debug|Win32 = Debug|Win32
		Release|Win32 = Release|Win32
		MinSizeRel|Win32 = MinSizeRel|Win32
		RelWithDebInfo|Win32 = RelWithDebInfo|Win32
	EndGlobalSection
	GlobalSection(ProjectConfigurationPlatforms) = postSolution
		{45C02A45-B896-3881-BCB1-72766537F2FB}.Debug|Win32.ActiveCfg = Debug|Win32
		{45C02A45-B896-3881-BCB1-72766537F2FB}.Release|Win32.ActiveCfg = Release|Win32
		{45C02A45-B896-3881-BCB1-72766537F2FB}.MinSizeRel|Win32.ActiveCfg = MinSizeRel|Win32
		{45C02A45-B896-3881-BCB1-72766537F2FB}.RelWithDebInfo|Win32.ActiveCfg = RelWithDebInfo|Win32
		{F1B0FFF5-DB38-35CD-8DA3-E25F510E2AF5}.Debug|Win32.ActiveCfg = Debug|Win32
		{F1B0FFF5-DB38-35CD-8DA3-E25F510E2AF5}.Debug|Win32.Build.0 = Debug|Win32
		{F1B0FFF5-DB38-35CD-8DA3-E25F510E2AF5}.Release|Win32.ActiveCfg = Release|Win32
		{F1B0FFF5-DB38-35CD-8DA3-E25F510E2AF5}.Release|Win32.Build.0 = Release|Win32
		{F1B0FFF5-DB38-35CD-8DA3-E25F510E2AF5}.MinSizeRel|Win32.ActiveCfg = MinSizeRel|Win32
		{F1B0FFF5-DB38-35CD-8DA3-E25F510E2AF5}.MinSizeRel|Win32.Build.0 = MinSizeRel|Win32
		{F1B0FFF5-DB38-35CD-8DA3-E25F510E2AF5}.RelWithDebInfo|Win32.ActiveCfg = RelWithDebInfo|Win32
		{F1B0FFF5-DB38-35CD-8DA3-E25F510E2AF5}.RelWithDebInfo|Win32.Build.0 = RelWithDebInfo|Win32
		{181058F9-80D3-312D-B2C8-7F9CF71018BC}.Debug|Win32.ActiveCfg = Debug|Win32
		{181058F9-80D3-312D-B2C8-7F9CF71018BC}.Debug|Win32.Build.0 = Debug|Win32
		{181058F9-80D3-312D-B2C8-7F9CF71018BC}.Release|Win32.ActiveCfg = Release|Win32
		{181058F9-80D3-312D-B2C8-7F9CF71018BC}.Release|Win32.Build.0 = Release|Win32
		{181058F9-80D3-312D-B2C8-7F9CF71018BC}.MinSizeRel|Win32.ActiveCfg = MinSizeRel|Win32
		{181058F9-80D3-312D-B2C8-7F9CF71018BC}.MinSizeRel|Win32.Build.0 = MinSizeRel|Win32
		{181058F9-80D3-312D-B2C8-7F9CF71018BC}.RelWithDebInfo|Win32.ActiveCfg = RelWithDebInfo|Win32
		{181058F9-80D3-312D-B2C8-7F9CF71018BC}.RelWithDebInfo|Win32.Build.0 = RelWithDebInfo|Win32
		{0EE7AEDE-13A1-3BE8-B03C-7DEB85DA4A4A}.Debug|Win32.ActiveCfg = Debug|Win32
		{0EE7AEDE-13A1-3BE8-B03C-7DEB85DA4A4A}.Debug|Win32.Build.0 = Debug|Win32
		{0EE7AEDE-13A1-3BE8-B03C-7DEB85DA4A4A}.Release|Win32.ActiveCfg = Release|Win32
		{0EE7AEDE-13A1-3BE8-B03C-7DEB85DA4A4A}.Release|Win32.Build.0 = Release|Win32
		{0EE7AEDE-13A1-3BE8-B03C-7DEB85DA4A4A}.MinSizeRel|Win32.ActiveCfg = MinSizeRel|Win32
		{0EE7AEDE-13A1-3BE8-B03C-7DEB85DA4A4A}.MinSizeRel|Win32.Build.0 = MinSizeRel|Win32
		{0EE7AEDE-13A1-3BE8-B03C-7DEB85DA4A4A}.RelWithDebInfo|Win32.ActiveCfg = RelWithDebInfo|Win32
		{0EE7AEDE-13A1-3BE8-B03C-7DEB85DA4A4A}.RelWithDebInfo|Win32.Build.0 = RelWithDebInfo|Win32
		{31B9DBEE-FE29-375A-9D74-5D4E36AEC56F}.Debug|Win32.ActiveCfg = Debug|Win32
		{31B9DBEE-FE29-375A-9D74-5D4E36AEC56F}.Debug|Win32.Build.0 = Debug|Win32
		{31B9DBEE-FE29-375A-9D74-5D4E36AEC56F}.Release|Win32.ActiveCfg = Release|Win32
		{31B9DBEE-FE29-375A-9D74-5D4E36AEC56F}.Release|Win32.Build.0 = Release|Win32
		{31B9DBEE-FE29-375A-9D74-5D4E36AEC56F}.MinSizeRel|Win32.ActiveCfg = MinSizeRel|Win32
		{31B9DBEE-FE29-375A-9D74-5D4E36AEC56F}.MinSizeRel|Win32.Build.0 = MinSizeRel|Win32
		{31B9DBEE-FE29-375A-9D74-5D4E36AEC56F}.RelWithDebInfo|Win32.ActiveCfg = RelWithDebInfo|Win32
		{31B9DBEE-FE29-375A-9D74-5D4E36AEC56F}.RelWithDebInfo|Win32.Build.0 = RelWithDebInfo|Win32
		{E10FF30E-D539-3933-81E4-1B51D6A2C3E1}.Debug|Win32.ActiveCfg = Debug|Win32
		{E10FF30E-D539-3933-81E4-1B51D6A2C3E1}.Debug|Win32.Build.0 = Debug|Win32
		{E10FF30E-D539-3933-81E4-1B51D6A2C3E1}.Release|Win32.ActiveCfg = Release|Win32
		{E10FF30E-D539-3933-81E4-1B51D6A2C3E1}.Release|Win32.Build.0 = Release|Win32
		{E10FF30E-D539-3933-81E4-1B51D6A2C3E1}.MinSizeRel|Win32.ActiveCfg = MinSizeRel|Win32
		{E10FF30E-D539-3933-81E4-1B51D6A2C3E1}.MinSizeRel|Win32.Build.0 = MinSizeRel|Win32
		{E10FF30E-D539-3933-81E4-1B51D6A2C3E1}.RelWithDebInfo|Win32.ActiveCfg = RelWithDebInfo|Win32
		{E10FF30E-D539-3933-81E4-1B51D6A2C3E1}.RelWithDebInfo|Win32.Build.0 = RelWithDebInfo|Win32
		{2B5B211D-3FD7-3161-B13A-685A52F63DA0}.Debug|Win32.ActiveCfg = Debug|Win32
		{2B5B211D-3FD7-3161-B13A-685A52F63DA0}.Debug|Win32.Build.0 = Debug|Win32
		{2B5B211D-3FD7-3161-B13A-685A52F63DA0}.Release|Win32.ActiveCfg = Release|Win32
		{2B5B211D-3FD7-3161-B13A-685A52F63DA0}.Release|Win32.Build.0 = Release|Win32
		{2B5B211D-3FD7-3161-B13A-685A52F63DA0}.MinSizeRel|Win32.ActiveCfg = MinSizeRel|Win32
		{2B5B211D-3FD7-3161-B13A-685A52F63DA0}.MinSizeRel|Win32.Build.0 = MinSizeRel|Win32
		{2B5B211D-3FD7-3161-B13A-685A52F63DA0}.RelWithDebInfo|Win32.ActiveCfg = RelWithDebInfo|Win32
		{2B5B211D-3FD7-3161-B13A-685A52F63DA0}.RelWithDebInfo|Win32.Build.0 = RelWithDebInfo|Win32
		{69A2078F-53A7-377B-A15A-0F9055032046}.Debug|Win32.ActiveCfg = Debug|Win32
		{69A2078F-53A7-377B-A15A-0F9055032046}.Debug|Win32.Build.0 = Debug|Win32
		{69A2078F-53A7-377B-A15A-0F9055032046}.Release|Win32.ActiveCfg = Release|Win32
		{69A2078F-53A7-377B-A15A-0F9055032046}.Release|Win32.Build.0 = Release|Win32
		{69A2078F-53A7-377B-A15A-0F9055032046}.MinSizeRel|Win32.ActiveCfg = MinSizeRel|Win32
		{69A2078F-53A7-377B-A15A-0F9055032046}.MinSizeRel|Win32.Build.0 = MinSizeRel|Win32
		{69A2078F-53A7-377B-A15A-0F9055032046}.RelWithDebInfo|Win32.ActiveCfg = RelWithDebInfo|Win32
		{69A2078F-53A7-377B-A15A-0F9055032046}.RelWithDebInfo|Win32.Build.0 = RelWithDebInfo|Win32
		{B3B898CF-7077-3EAC-85EA-28A1333D9C02}.Debug|Win32.ActiveCfg = Debug|Win32
		{B3B898CF-7077-3EAC-85EA-28A1333D9C02}.Debug|Win32.Build.0 = Debug|Win32
		{B3B898CF-7077-3EAC-85EA-28A1333D9C02}.Release|Win32.ActiveCfg = Release|Win32
		{B3B898CF-7077-3EAC-85EA-28A1333D9C02}.Release|Win32.Build.0 = Release|Win32
		{B3B898CF-7077-3EAC-85EA-28A1333D9C02}.MinSizeRel|Win32.ActiveCfg = MinSizeRel|Win32
		{B3B898CF-7077-3EAC-85EA-28A1333D9C02}.MinSizeRel|Win32.Build.0 = MinSizeRel|Win32
		{B3B898CF-7077-3EAC-85EA-28A1333D9C02}.RelWithDebInfo|Win32.ActiveCfg = RelWithDebInfo|Win32
		{B3B898CF-7077-3EAC-85EA-28A1333D9C02}.RelWithDebInfo|Win32.Build.0 = RelWithDebInfo|Win32
		{16CAE59F-8EC4-3B76-891F-B533B15FE17E}.Debug|Win32.ActiveCfg = Debug|Win32
		{16CAE59F-8EC4-3B76-891F-B533B15FE17E}.Debug|Win32.Build.0 = Debug|Win32
		{16CAE59F-8EC4-3B76-891F-B533B15FE17E}.Release|Win32.ActiveCfg = Release|Win32
		{16CAE59F-8EC4-3B76-891F-B533B15FE17E}.Release|Win32.Build.0 = Release|Win32
		{16CAE59F-8EC4-3B76-891F-B533B15FE17E}.MinSizeRel|Win32.ActiveCfg = MinSizeRel|Win32
		{16CAE59F-8EC4-3B76-891F-B533B15FE17E}.MinSizeRel|Win32.Build.0 = MinSizeRel|Win32
		{16CAE59F-8EC4-3B76-891F-B533B15FE17E}.RelWithDebInfo|Win32.ActiveCfg = RelWithDebInfo|Win32
		{16CAE59F-8EC4-3B76-891F-B533B15FE17E}.RelWithDebInfo|Win32.Build.0 = RelWithDebInfo|Win32
	EndGlobalSection
	GlobalSection(ExtensibilityGlobals) = postSolution
	EndGlobalSection
	GlobalSection(ExtensibilityAddIns) = postSolution
	EndGlobalSection
EndGlobal
